
Microsoft Visual Studio Solution File, Format Version 12.00
# Visual Studio Version 17
VisualStudioVersion = 17.3.32825.248
MinimumVisualStudioVersion = 10.0.40219.1
Project("{FAE04EC0-301F-11D3-BF4B-00C04F79EFBC}") = "Практическая 1", "Практическая 1\Практическая 1.csproj", "{4D838EE0-1A42-4C51-B32A-58EFFB60BE46}"
EndProject
Global
	GlobalSection(SolutionConfigurationPlatforms) = preSolution
		Debug|Any CPU = Debug|Any CPU
		Release|Any CPU = Release|Any CPU
	EndGlobalSection
	GlobalSection(ProjectConfigurationPlatforms) = postSolution
		{4D838EE0-1A42-4C51-B32A-58EFFB60BE46}.Debug|Any CPU.ActiveCfg = Debug|Any CPU
		{4D838EE0-1A42-4C51-B32A-58EFFB60BE46}.Debug|Any CPU.Build.0 = Debug|Any CPU
		{4D838EE0-1A42-4C51-B32A-58EFFB60BE46}.Release|Any CPU.ActiveCfg = Release|Any CPU
		{4D838EE0-1A42-4C51-B32A-58EFFB60BE46}.Release|Any CPU.Build.0 = Release|Any CPU
	EndGlobalSection
	GlobalSection(SolutionProperties) = preSolution
		HideSolutionNode = FALSE
	EndGlobalSection
	GlobalSection(ExtensibilityGlobals) = postSolution
		SolutionGuid = {E778815F-51BC-4673-916A-EA11F81E17C9}
	EndGlobalSection
EndGlobal
